
Microsoft Visual Studio Solution File, Format Version 12.00
# Visual Studio Version 16
VisualStudioVersion = 16.0.29709.97
MinimumVisualStudioVersion = 10.0.40219.1
Project("{FAE04EC0-301F-11D3-BF4B-00C04F79EFBC}") = "Demo", "Demo\Demo.csproj", "{FB4D6DDD-6B54-472E-B58C-D99C4622ADE5}"
EndProject
Global
	GlobalSection(SolutionConfigurationPlatforms) = preSolution
		Debug|Any CPU = Debug|Any CPU
		Release|Any CPU = Release|Any CPU
	EndGlobalSection
	GlobalSection(ProjectConfigurationPlatforms) = postSolution
		{FB4D6DDD-6B54-472E-B58C-D99C4622ADE5}.Debug|Any CPU.ActiveCfg = Debug|Any CPU
		{FB4D6DDD-6B54-472E-B58C-D99C4622ADE5}.Debug|Any CPU.Build.0 = Debug|Any CPU
		{FB4D6DDD-6B54-472E-B58C-D99C4622ADE5}.Release|Any CPU.ActiveCfg = Release|Any CPU
		{FB4D6DDD-6B54-472E-B58C-D99C4622ADE5}.Release|Any CPU.Build.0 = Release|Any CPU
	EndGlobalSection
	GlobalSection(SolutionProperties) = preSolution
		HideSolutionNode = FALSE
	EndGlobalSection
	GlobalSection(ExtensibilityGlobals) = postSolution
		SolutionGuid = {54DC31D9-ADCE-43A1-BFC3-4BB6528B4E85}
	EndGlobalSection
EndGlobal
